
Microsoft Visual Studio Solution File, Format Version 12.00
# Visual Studio Version 16
VisualStudioVersion = 16.0.30704.19
MinimumVisualStudioVersion = 10.0.40219.1
Project("{FAE04EC0-301F-11D3-BF4B-00C04F79EFBC}") = "Sample", "Sample\Sample.csproj", "{D9B7F762-5747-4BE4-A743-D3AF4139119A}"
EndProject
Global
	GlobalSection(SolutionConfigurationPlatforms) = preSolution
		Debug|Any CPU = Debug|Any CPU
		Release|Any CPU = Release|Any CPU
	EndGlobalSection
	GlobalSection(ProjectConfigurationPlatforms) = postSolution
		{D9B7F762-5747-4BE4-A743-D3AF4139119A}.Debug|Any CPU.ActiveCfg = Debug|Any CPU
		{D9B7F762-5747-4BE4-A743-D3AF4139119A}.Debug|Any CPU.Build.0 = Debug|Any CPU
		{D9B7F762-5747-4BE4-A743-D3AF4139119A}.Release|Any CPU.ActiveCfg = Release|Any CPU
		{D9B7F762-5747-4BE4-A743-D3AF4139119A}.Release|Any CPU.Build.0 = Release|Any CPU
	EndGlobalSection
	GlobalSection(SolutionProperties) = preSolution
		HideSolutionNode = FALSE
	EndGlobalSection
	GlobalSection(ExtensibilityGlobals) = postSolution
		SolutionGuid = {6F2DD1F4-DEEA-48C9-9B75-3C73A8F6BFDA}
	EndGlobalSection
EndGlobal
